
Microsoft Visual Studio Solution File, Format Version 12.00
# Visual Studio Version 17
VisualStudioVersion = 17.0.32014.148
MinimumVisualStudioVersion = 10.0.40219.1
Project("{FAE04EC0-301F-11D3-BF4B-00C04F79EFBC}") = "Opdracht28__Raadspel_JC", "Opdracht28__Raadspel_JC.csproj", "{6B22DFCC-5503-4B4E-8FEB-81964769BC85}"
EndProject
Global
	GlobalSection(SolutionConfigurationPlatforms) = preSolution
		Debug|Any CPU = Debug|Any CPU
		Release|Any CPU = Release|Any CPU
	EndGlobalSection
	GlobalSection(ProjectConfigurationPlatforms) = postSolution
		{6B22DFCC-5503-4B4E-8FEB-81964769BC85}.Debug|Any CPU.ActiveCfg = Debug|Any CPU
		{6B22DFCC-5503-4B4E-8FEB-81964769BC85}.Debug|Any CPU.Build.0 = Debug|Any CPU
		{6B22DFCC-5503-4B4E-8FEB-81964769BC85}.Release|Any CPU.ActiveCfg = Release|Any CPU
		{6B22DFCC-5503-4B4E-8FEB-81964769BC85}.Release|Any CPU.Build.0 = Release|Any CPU
	EndGlobalSection
	GlobalSection(SolutionProperties) = preSolution
		HideSolutionNode = FALSE
	EndGlobalSection
	GlobalSection(ExtensibilityGlobals) = postSolution
		SolutionGuid = {0801652E-4241-4BDA-8B0B-9498B7BB1E40}
	EndGlobalSection
EndGlobal
