
Microsoft Visual Studio Solution File, Format Version 12.00
# Visual Studio Version 17
VisualStudioVersion = 17.0.32014.148
MinimumVisualStudioVersion = 10.0.40219.1
Project("{FAE04EC0-301F-11D3-BF4B-00C04F79EFBC}") = "Opdracht27_Talstelsel_JC", "Opdracht27_Talstelsel_JC.csproj", "{3A36DA96-A1F2-44F1-879C-3283F5B175DE}"
EndProject
Global
	GlobalSection(SolutionConfigurationPlatforms) = preSolution
		Debug|Any CPU = Debug|Any CPU
		Release|Any CPU = Release|Any CPU
	EndGlobalSection
	GlobalSection(ProjectConfigurationPlatforms) = postSolution
		{3A36DA96-A1F2-44F1-879C-3283F5B175DE}.Debug|Any CPU.ActiveCfg = Debug|Any CPU
		{3A36DA96-A1F2-44F1-879C-3283F5B175DE}.Debug|Any CPU.Build.0 = Debug|Any CPU
		{3A36DA96-A1F2-44F1-879C-3283F5B175DE}.Release|Any CPU.ActiveCfg = Release|Any CPU
		{3A36DA96-A1F2-44F1-879C-3283F5B175DE}.Release|Any CPU.Build.0 = Release|Any CPU
	EndGlobalSection
	GlobalSection(SolutionProperties) = preSolution
		HideSolutionNode = FALSE
	EndGlobalSection
	GlobalSection(ExtensibilityGlobals) = postSolution
		SolutionGuid = {91E46A5E-B414-47CA-B82D-249942105952}
	EndGlobalSection
EndGlobal
