
Microsoft Visual Studio Solution File, Format Version 12.00
# Visual Studio Version 17
VisualStudioVersion = 17.0.32014.148
MinimumVisualStudioVersion = 10.0.40219.1
Project("{9A19103F-16F7-4668-BE54-9A1E7A4F7556}") = "TrackerLibrary", "TrackerLibrary.csproj", "{4C23863B-D8BE-479D-BA7E-B10631CFA183}"
EndProject
Project("{FAE04EC0-301F-11D3-BF4B-00C04F79EFBC}") = "TrackerUI", "..\TrackerUI\TrackerUI.csproj", "{4F63AF0E-0BCB-4523-8DD9-0F58104C2028}"
EndProject
Project("{FAE04EC0-301F-11D3-BF4B-00C04F79EFBC}") = "WinFormsUI", "..\WinFormsUI\WinFormsUI.csproj", "{028DA850-7E92-41A2-BE14-DDE14B4DF742}"
EndProject
Global
	GlobalSection(SolutionConfigurationPlatforms) = preSolution
		Debug|Any CPU = Debug|Any CPU
		Release|Any CPU = Release|Any CPU
	EndGlobalSection
	GlobalSection(ProjectConfigurationPlatforms) = postSolution
		{4C23863B-D8BE-479D-BA7E-B10631CFA183}.Debug|Any CPU.ActiveCfg = Debug|Any CPU
		{4C23863B-D8BE-479D-BA7E-B10631CFA183}.Debug|Any CPU.Build.0 = Debug|Any CPU
		{4C23863B-D8BE-479D-BA7E-B10631CFA183}.Release|Any CPU.ActiveCfg = Release|Any CPU
		{4C23863B-D8BE-479D-BA7E-B10631CFA183}.Release|Any CPU.Build.0 = Release|Any CPU
		{4F63AF0E-0BCB-4523-8DD9-0F58104C2028}.Debug|Any CPU.ActiveCfg = Debug|Any CPU
		{4F63AF0E-0BCB-4523-8DD9-0F58104C2028}.Debug|Any CPU.Build.0 = Debug|Any CPU
		{4F63AF0E-0BCB-4523-8DD9-0F58104C2028}.Release|Any CPU.ActiveCfg = Release|Any CPU
		{4F63AF0E-0BCB-4523-8DD9-0F58104C2028}.Release|Any CPU.Build.0 = Release|Any CPU
		{028DA850-7E92-41A2-BE14-DDE14B4DF742}.Debug|Any CPU.ActiveCfg = Debug|Any CPU
		{028DA850-7E92-41A2-BE14-DDE14B4DF742}.Debug|Any CPU.Build.0 = Debug|Any CPU
		{028DA850-7E92-41A2-BE14-DDE14B4DF742}.Release|Any CPU.ActiveCfg = Release|Any CPU
		{028DA850-7E92-41A2-BE14-DDE14B4DF742}.Release|Any CPU.Build.0 = Release|Any CPU
	EndGlobalSection
	GlobalSection(SolutionProperties) = preSolution
		HideSolutionNode = FALSE
	EndGlobalSection
	GlobalSection(ExtensibilityGlobals) = postSolution
		SolutionGuid = {73B5A05E-DA5C-4492-BBC8-3F980B64BB66}
	EndGlobalSection
EndGlobal
