
Microsoft Visual Studio Solution File, Format Version 12.00
# Visual Studio Version 17
VisualStudioVersion = 17.0.32014.148
MinimumVisualStudioVersion = 10.0.40219.1
Project("{FAE04EC0-301F-11D3-BF4B-00C04F79EFBC}") = "Opdracht28_Raadspelletje_JC", "Opdracht28_Raadspelletje_JC.csproj", "{DC1D8362-AAE0-4477-8C9A-F3F66F25E35D}"
EndProject
Global
	GlobalSection(SolutionConfigurationPlatforms) = preSolution
		Debug|Any CPU = Debug|Any CPU
		Release|Any CPU = Release|Any CPU
	EndGlobalSection
	GlobalSection(ProjectConfigurationPlatforms) = postSolution
		{DC1D8362-AAE0-4477-8C9A-F3F66F25E35D}.Debug|Any CPU.ActiveCfg = Debug|Any CPU
		{DC1D8362-AAE0-4477-8C9A-F3F66F25E35D}.Debug|Any CPU.Build.0 = Debug|Any CPU
		{DC1D8362-AAE0-4477-8C9A-F3F66F25E35D}.Release|Any CPU.ActiveCfg = Release|Any CPU
		{DC1D8362-AAE0-4477-8C9A-F3F66F25E35D}.Release|Any CPU.Build.0 = Release|Any CPU
	EndGlobalSection
	GlobalSection(SolutionProperties) = preSolution
		HideSolutionNode = FALSE
	EndGlobalSection
	GlobalSection(ExtensibilityGlobals) = postSolution
		SolutionGuid = {8AD4FAD3-05D5-413C-B8DC-5D8079596417}
	EndGlobalSection
EndGlobal
