
Microsoft Visual Studio Solution File, Format Version 12.00
# Visual Studio Version 17
VisualStudioVersion = 17.0.32014.148
MinimumVisualStudioVersion = 10.0.40219.1
Project("{FAE04EC0-301F-11D3-BF4B-00C04F79EFBC}") = "WebApplication1", "WebApplication1.csproj", "{9E6A7CA0-F0E4-458A-BF86-19C21827FA8A}"
EndProject
Global
	GlobalSection(SolutionConfigurationPlatforms) = preSolution
		Debug|Any CPU = Debug|Any CPU
		Release|Any CPU = Release|Any CPU
	EndGlobalSection
	GlobalSection(ProjectConfigurationPlatforms) = postSolution
		{9E6A7CA0-F0E4-458A-BF86-19C21827FA8A}.Debug|Any CPU.ActiveCfg = Debug|Any CPU
		{9E6A7CA0-F0E4-458A-BF86-19C21827FA8A}.Debug|Any CPU.Build.0 = Debug|Any CPU
		{9E6A7CA0-F0E4-458A-BF86-19C21827FA8A}.Release|Any CPU.ActiveCfg = Release|Any CPU
		{9E6A7CA0-F0E4-458A-BF86-19C21827FA8A}.Release|Any CPU.Build.0 = Release|Any CPU
	EndGlobalSection
	GlobalSection(SolutionProperties) = preSolution
		HideSolutionNode = FALSE
	EndGlobalSection
	GlobalSection(ExtensibilityGlobals) = postSolution
		SolutionGuid = {053D777C-74B3-4551-B053-7B448767DD75}
	EndGlobalSection
EndGlobal
