
Microsoft Visual Studio Solution File, Format Version 12.00
# Visual Studio Version 17
VisualStudioVersion = 17.0.32014.148
MinimumVisualStudioVersion = 10.0.40219.1
Project("{FAE04EC0-301F-11D3-BF4B-00C04F79EFBC}") = "Opdracht13_WeddeberekeningSchuifregelaar_JC", "Opdracht13_WeddeberekeningSchuifregelaar_JC.csproj", "{71FDFCE8-6CB6-4743-A689-B2F4DFD2E249}"
EndProject
Global
	GlobalSection(SolutionConfigurationPlatforms) = preSolution
		Debug|Any CPU = Debug|Any CPU
		Release|Any CPU = Release|Any CPU
	EndGlobalSection
	GlobalSection(ProjectConfigurationPlatforms) = postSolution
		{71FDFCE8-6CB6-4743-A689-B2F4DFD2E249}.Debug|Any CPU.ActiveCfg = Debug|Any CPU
		{71FDFCE8-6CB6-4743-A689-B2F4DFD2E249}.Debug|Any CPU.Build.0 = Debug|Any CPU
		{71FDFCE8-6CB6-4743-A689-B2F4DFD2E249}.Release|Any CPU.ActiveCfg = Release|Any CPU
		{71FDFCE8-6CB6-4743-A689-B2F4DFD2E249}.Release|Any CPU.Build.0 = Release|Any CPU
	EndGlobalSection
	GlobalSection(SolutionProperties) = preSolution
		HideSolutionNode = FALSE
	EndGlobalSection
	GlobalSection(ExtensibilityGlobals) = postSolution
		SolutionGuid = {F83A3168-22A3-4FEE-968E-A7AE0D0DA674}
	EndGlobalSection
EndGlobal
