
Microsoft Visual Studio Solution File, Format Version 12.00
# Visual Studio Version 17
VisualStudioVersion = 17.0.32014.148
MinimumVisualStudioVersion = 10.0.40219.1
Project("{FAE04EC0-301F-11D3-BF4B-00C04F79EFBC}") = "Opdracht44_Lotto2_JC", "Opdracht44_Lotto2_JC.csproj", "{ADCDFAC4-D84E-47FB-AA06-CC9947A98A96}"
EndProject
Global
	GlobalSection(SolutionConfigurationPlatforms) = preSolution
		Debug|Any CPU = Debug|Any CPU
		Release|Any CPU = Release|Any CPU
	EndGlobalSection
	GlobalSection(ProjectConfigurationPlatforms) = postSolution
		{ADCDFAC4-D84E-47FB-AA06-CC9947A98A96}.Debug|Any CPU.ActiveCfg = Debug|Any CPU
		{ADCDFAC4-D84E-47FB-AA06-CC9947A98A96}.Debug|Any CPU.Build.0 = Debug|Any CPU
		{ADCDFAC4-D84E-47FB-AA06-CC9947A98A96}.Release|Any CPU.ActiveCfg = Release|Any CPU
		{ADCDFAC4-D84E-47FB-AA06-CC9947A98A96}.Release|Any CPU.Build.0 = Release|Any CPU
	EndGlobalSection
	GlobalSection(SolutionProperties) = preSolution
		HideSolutionNode = FALSE
	EndGlobalSection
	GlobalSection(ExtensibilityGlobals) = postSolution
		SolutionGuid = {D7A9776F-C916-4436-829F-494A47086D7E}
	EndGlobalSection
EndGlobal
