
Microsoft Visual Studio Solution File, Format Version 12.00
# Visual Studio Version 17
VisualStudioVersion = 17.0.32014.148
MinimumVisualStudioVersion = 10.0.40219.1
Project("{FAE04EC0-301F-11D3-BF4B-00C04F79EFBC}") = "Opdracht18_Lotto_JC", "Opdracht18_Lotto_JC.csproj", "{E535B0EB-BB22-4C02-AFFD-32CC4C17257D}"
EndProject
Global
	GlobalSection(SolutionConfigurationPlatforms) = preSolution
		Debug|Any CPU = Debug|Any CPU
		Release|Any CPU = Release|Any CPU
	EndGlobalSection
	GlobalSection(ProjectConfigurationPlatforms) = postSolution
		{E535B0EB-BB22-4C02-AFFD-32CC4C17257D}.Debug|Any CPU.ActiveCfg = Debug|Any CPU
		{E535B0EB-BB22-4C02-AFFD-32CC4C17257D}.Debug|Any CPU.Build.0 = Debug|Any CPU
		{E535B0EB-BB22-4C02-AFFD-32CC4C17257D}.Release|Any CPU.ActiveCfg = Release|Any CPU
		{E535B0EB-BB22-4C02-AFFD-32CC4C17257D}.Release|Any CPU.Build.0 = Release|Any CPU
	EndGlobalSection
	GlobalSection(SolutionProperties) = preSolution
		HideSolutionNode = FALSE
	EndGlobalSection
	GlobalSection(ExtensibilityGlobals) = postSolution
		SolutionGuid = {2163CBB7-173E-43DE-89CF-3987CCA6AF76}
	EndGlobalSection
EndGlobal
