
Microsoft Visual Studio Solution File, Format Version 12.00
# Visual Studio Version 17
VisualStudioVersion = 17.0.32014.148
MinimumVisualStudioVersion = 10.0.40219.1
Project("{FAE04EC0-301F-11D3-BF4B-00C04F79EFBC}") = "Opdracht43_ArraySommen_JC", "Opdracht43_ArraySommen_JC.csproj", "{0873F46A-081C-41B7-B282-3CC29BE9D433}"
EndProject
Global
	GlobalSection(SolutionConfigurationPlatforms) = preSolution
		Debug|Any CPU = Debug|Any CPU
		Release|Any CPU = Release|Any CPU
	EndGlobalSection
	GlobalSection(ProjectConfigurationPlatforms) = postSolution
		{0873F46A-081C-41B7-B282-3CC29BE9D433}.Debug|Any CPU.ActiveCfg = Debug|Any CPU
		{0873F46A-081C-41B7-B282-3CC29BE9D433}.Debug|Any CPU.Build.0 = Debug|Any CPU
		{0873F46A-081C-41B7-B282-3CC29BE9D433}.Release|Any CPU.ActiveCfg = Release|Any CPU
		{0873F46A-081C-41B7-B282-3CC29BE9D433}.Release|Any CPU.Build.0 = Release|Any CPU
	EndGlobalSection
	GlobalSection(SolutionProperties) = preSolution
		HideSolutionNode = FALSE
	EndGlobalSection
	GlobalSection(ExtensibilityGlobals) = postSolution
		SolutionGuid = {A2D75958-55E0-4526-A9F4-D144F9E6932F}
	EndGlobalSection
EndGlobal
