
Microsoft Visual Studio Solution File, Format Version 12.00
# Visual Studio Version 17
VisualStudioVersion = 17.0.32014.148
MinimumVisualStudioVersion = 10.0.40219.1
Project("{FAE04EC0-301F-11D3-BF4B-00C04F79EFBC}") = "Opdracht15_SnelsteAtleet_JC", "Opdracht15_SnelsteAtleet_JC.csproj", "{155AD778-97C1-4B50-9398-529A07425207}"
EndProject
Global
	GlobalSection(SolutionConfigurationPlatforms) = preSolution
		Debug|Any CPU = Debug|Any CPU
		Release|Any CPU = Release|Any CPU
	EndGlobalSection
	GlobalSection(ProjectConfigurationPlatforms) = postSolution
		{155AD778-97C1-4B50-9398-529A07425207}.Debug|Any CPU.ActiveCfg = Debug|Any CPU
		{155AD778-97C1-4B50-9398-529A07425207}.Debug|Any CPU.Build.0 = Debug|Any CPU
		{155AD778-97C1-4B50-9398-529A07425207}.Release|Any CPU.ActiveCfg = Release|Any CPU
		{155AD778-97C1-4B50-9398-529A07425207}.Release|Any CPU.Build.0 = Release|Any CPU
	EndGlobalSection
	GlobalSection(SolutionProperties) = preSolution
		HideSolutionNode = FALSE
	EndGlobalSection
	GlobalSection(ExtensibilityGlobals) = postSolution
		SolutionGuid = {6BA47F25-1A4F-4D37-B354-510BEF2F44DD}
	EndGlobalSection
EndGlobal
