
Microsoft Visual Studio Solution File, Format Version 12.00
# Visual Studio Version 17
VisualStudioVersion = 17.0.32014.148
MinimumVisualStudioVersion = 10.0.40219.1
Project("{FAE04EC0-301F-11D3-BF4B-00C04F79EFBC}") = "Opdracht17_Faculteit_JC", "Opdracht17_Faculteit_JC.csproj", "{16A5FCF0-9B66-428E-A554-ADA6CB11F4A6}"
EndProject
Global
	GlobalSection(SolutionConfigurationPlatforms) = preSolution
		Debug|Any CPU = Debug|Any CPU
		Release|Any CPU = Release|Any CPU
	EndGlobalSection
	GlobalSection(ProjectConfigurationPlatforms) = postSolution
		{16A5FCF0-9B66-428E-A554-ADA6CB11F4A6}.Debug|Any CPU.ActiveCfg = Debug|Any CPU
		{16A5FCF0-9B66-428E-A554-ADA6CB11F4A6}.Debug|Any CPU.Build.0 = Debug|Any CPU
		{16A5FCF0-9B66-428E-A554-ADA6CB11F4A6}.Release|Any CPU.ActiveCfg = Release|Any CPU
		{16A5FCF0-9B66-428E-A554-ADA6CB11F4A6}.Release|Any CPU.Build.0 = Release|Any CPU
	EndGlobalSection
	GlobalSection(SolutionProperties) = preSolution
		HideSolutionNode = FALSE
	EndGlobalSection
	GlobalSection(ExtensibilityGlobals) = postSolution
		SolutionGuid = {DFA65AF9-BC9D-4AA0-9829-53736E918CB5}
	EndGlobalSection
EndGlobal
